
Microsoft Visual Studio Solution File, Format Version 12.00
# Visual Studio Version 17
VisualStudioVersion = 17.1.32210.238
MinimumVisualStudioVersion = 10.0.40219.1
Project("{8BC9CEB8-8B4A-11D0-8D11-00A0C91BC942}") = "ClassRoster", "ClassRoster\ClassRoster.vcxproj", "{2032715C-910D-47EB-BEF8-C9EB4997BFD3}"
EndProject
Global
	GlobalSection(SolutionConfigurationPlatforms) = preSolution
		Debug|x64 = Debug|x64
		Debug|x86 = Debug|x86
		Release|x64 = Release|x64
		Release|x86 = Release|x86
	EndGlobalSection
	GlobalSection(ProjectConfigurationPlatforms) = postSolution
		{2032715C-910D-47EB-BEF8-C9EB4997BFD3}.Debug|x64.ActiveCfg = Debug|x64
		{2032715C-910D-47EB-BEF8-C9EB4997BFD3}.Debug|x64.Build.0 = Debug|x64
		{2032715C-910D-47EB-BEF8-C9EB4997BFD3}.Debug|x86.ActiveCfg = Debug|Win32
		{2032715C-910D-47EB-BEF8-C9EB4997BFD3}.Debug|x86.Build.0 = Debug|Win32
		{2032715C-910D-47EB-BEF8-C9EB4997BFD3}.Release|x64.ActiveCfg = Release|x64
		{2032715C-910D-47EB-BEF8-C9EB4997BFD3}.Release|x64.Build.0 = Release|x64
		{2032715C-910D-47EB-BEF8-C9EB4997BFD3}.Release|x86.ActiveCfg = Release|Win32
		{2032715C-910D-47EB-BEF8-C9EB4997BFD3}.Release|x86.Build.0 = Release|Win32
	EndGlobalSection
	GlobalSection(SolutionProperties) = preSolution
		HideSolutionNode = FALSE
	EndGlobalSection
	GlobalSection(ExtensibilityGlobals) = postSolution
		SolutionGuid = {044E55BE-BE26-426E-975A-DC0C769DB98F}
	EndGlobalSection
EndGlobal
